
Microsoft Visual Studio Solution File, Format Version 12.00
# Visual Studio Version 16
VisualStudioVersion = 16.0.29609.76
MinimumVisualStudioVersion = 10.0.40219.1
Project("{FAE04EC0-301F-11D3-BF4B-00C04F79EFBC}") = "StadiEm", "StadiEm\StadiEm.csproj", "{0351E1D2-B91F-4B5D-A07D-7F35F24DCEB2}"
EndProject
Global
	GlobalSection(SolutionConfigurationPlatforms) = preSolution
		Debug|Any CPU = Debug|Any CPU
		Release|Any CPU = Release|Any CPU
	EndGlobalSection
	GlobalSection(ProjectConfigurationPlatforms) = postSolution
		{0351E1D2-B91F-4B5D-A07D-7F35F24DCEB2}.Debug|Any CPU.ActiveCfg = Debug|Any CPU
		{0351E1D2-B91F-4B5D-A07D-7F35F24DCEB2}.Debug|Any CPU.Build.0 = Debug|Any CPU
		{0351E1D2-B91F-4B5D-A07D-7F35F24DCEB2}.Release|Any CPU.ActiveCfg = Release|Any CPU
		{0351E1D2-B91F-4B5D-A07D-7F35F24DCEB2}.Release|Any CPU.Build.0 = Release|Any CPU
	EndGlobalSection
	GlobalSection(SolutionProperties) = preSolution
		HideSolutionNode = FALSE
	EndGlobalSection
	GlobalSection(ExtensibilityGlobals) = postSolution
		SolutionGuid = {D99B3841-7801-454B-8D6D-C3CC623A0EF8}
	EndGlobalSection
EndGlobal
